# THIS IS AN AUTOGENERATED FILE. DO NOT EDIT THIS FILE DIRECTLY.
# yarn lockfile v1


google-protobuf@^3.21.2:
  version "3.21.4"
  resolved "https://registry.yarnpkg.com/google-protobuf/-/google-protobuf-3.21.4.tgz#2f933e8b6e5e9f8edde66b7be0024b68f77da6c9"
  integrity sha512-MnG7N936zcKTco4Jd2PX2U96Kf9PxygAPKBug+74LHzmHXmceN16MmRcdgZv+DGef/S9YvQAfRsNCn4cjf9yyQ==

grpc-web@^1.5.0:
  version "1.5.0"
  resolved "https://registry.yarnpkg.com/grpc-web/-/grpc-web-1.5.0.tgz#154e4007ab59a94bf7726b87ef6c5bd8815ecf6e"
  integrity sha512-y1tS3BBIoiVSzKTDF3Hm7E8hV2n7YY7pO0Uo7depfWJqKzWE+SKr0jvHNIJsJJYILQlpYShpi/DRJJMbosgDMQ==
